
Microsoft Visual Studio Solution File, Format Version 12.00
# Visual Studio Version 17
VisualStudioVersion = 17.7.34024.191
MinimumVisualStudioVersion = 10.0.40219.1
Project("{9A19103F-16F7-4668-BE54-9A1E7A4F7556}") = "SupplyChainManagement.API", "SupplyChainManagement.API.csproj", "{A441A719-9B74-4563-BD2F-D328465B53E6}"
EndProject
Project("{9A19103F-16F7-4668-BE54-9A1E7A4F7556}") = "SupplyChainManagement.Entity", "..\SupplyChainManagement.Entity\SupplyChainManagement.Entity.csproj", "{08C63E8F-F435-4E17-A1E0-AE2C5017CC4B}"
EndProject
Project("{9A19103F-16F7-4668-BE54-9A1E7A4F7556}") = "SupplyChainManagement.BL", "..\SupplyChainManagement.BL\SupplyChainManagement.BL.csproj", "{B509EF3E-0D61-42A7-B4ED-F4C9AC33149D}"
EndProject
Project("{9A19103F-16F7-4668-BE54-9A1E7A4F7556}") = "SupplyChainManagement.Data", "..\SupplyChainManagement.Data\SupplyChainManagement.Data.csproj", "{38F5C031-9D85-4883-ADE2-A34F39FABECF}"
EndProject
Global
	GlobalSection(SolutionConfigurationPlatforms) = preSolution
		Debug|Any CPU = Debug|Any CPU
		Release|Any CPU = Release|Any CPU
	EndGlobalSection
	GlobalSection(ProjectConfigurationPlatforms) = postSolution
		{A441A719-9B74-4563-BD2F-D328465B53E6}.Debug|Any CPU.ActiveCfg = Debug|Any CPU
		{A441A719-9B74-4563-BD2F-D328465B53E6}.Debug|Any CPU.Build.0 = Debug|Any CPU
		{A441A719-9B74-4563-BD2F-D328465B53E6}.Release|Any CPU.ActiveCfg = Release|Any CPU
		{A441A719-9B74-4563-BD2F-D328465B53E6}.Release|Any CPU.Build.0 = Release|Any CPU
		{08C63E8F-F435-4E17-A1E0-AE2C5017CC4B}.Debug|Any CPU.ActiveCfg = Debug|Any CPU
		{08C63E8F-F435-4E17-A1E0-AE2C5017CC4B}.Debug|Any CPU.Build.0 = Debug|Any CPU
		{08C63E8F-F435-4E17-A1E0-AE2C5017CC4B}.Release|Any CPU.ActiveCfg = Release|Any CPU
		{08C63E8F-F435-4E17-A1E0-AE2C5017CC4B}.Release|Any CPU.Build.0 = Release|Any CPU
		{B509EF3E-0D61-42A7-B4ED-F4C9AC33149D}.Debug|Any CPU.ActiveCfg = Debug|Any CPU
		{B509EF3E-0D61-42A7-B4ED-F4C9AC33149D}.Debug|Any CPU.Build.0 = Debug|Any CPU
		{B509EF3E-0D61-42A7-B4ED-F4C9AC33149D}.Release|Any CPU.ActiveCfg = Release|Any CPU
		{B509EF3E-0D61-42A7-B4ED-F4C9AC33149D}.Release|Any CPU.Build.0 = Release|Any CPU
		{38F5C031-9D85-4883-ADE2-A34F39FABECF}.Debug|Any CPU.ActiveCfg = Debug|Any CPU
		{38F5C031-9D85-4883-ADE2-A34F39FABECF}.Debug|Any CPU.Build.0 = Debug|Any CPU
		{38F5C031-9D85-4883-ADE2-A34F39FABECF}.Release|Any CPU.ActiveCfg = Release|Any CPU
		{38F5C031-9D85-4883-ADE2-A34F39FABECF}.Release|Any CPU.Build.0 = Release|Any CPU
	EndGlobalSection
	GlobalSection(SolutionProperties) = preSolution
		HideSolutionNode = FALSE
	EndGlobalSection
	GlobalSection(ExtensibilityGlobals) = postSolution
		SolutionGuid = {177C5FCA-8BC2-455C-895E-CC6B765EACA1}
	EndGlobalSection
EndGlobal
